
Microsoft Visual Studio Solution File, Format Version 10.00
# Visual Studio 2008
Project("{FAE04EC0-301F-11D3-BF4B-00C04F79EFBC}") = "BurningPlate", "BurningPlate.csproj", "{DDA617C8-4ABA-449A-AA1F-9BE1BA7CE817}"
EndProject
Global
	GlobalSection(SolutionConfigurationPlatforms) = preSolution
		Debug|Any CPU = Debug|Any CPU
		Release|Any CPU = Release|Any CPU
	EndGlobalSection
	GlobalSection(ProjectConfigurationPlatforms) = postSolution
		{DDA617C8-4ABA-449A-AA1F-9BE1BA7CE817}.Debug|Any CPU.ActiveCfg = Debug|Any CPU
		{DDA617C8-4ABA-449A-AA1F-9BE1BA7CE817}.Debug|Any CPU.Build.0 = Debug|Any CPU
		{DDA617C8-4ABA-449A-AA1F-9BE1BA7CE817}.Release|Any CPU.ActiveCfg = Release|Any CPU
		{DDA617C8-4ABA-449A-AA1F-9BE1BA7CE817}.Release|Any CPU.Build.0 = Release|Any CPU
	EndGlobalSection
	GlobalSection(SolutionProperties) = preSolution
		HideSolutionNode = FALSE
	EndGlobalSection
EndGlobal
